
Microsoft Visual Studio Solution File, Format Version 11.00
# Visual Studio 2010
Project("{8BC9CEB8-8B4A-11D0-8D11-00A0C91BC942}") = "svnplugin", "svnplugin\svnplugin.vcxproj", "{131918AA-1B7D-41C7-BEB8-342F1F8DBEE4}"
EndProject
Global
	GlobalSection(SolutionConfigurationPlatforms) = preSolution
		Debug|Win32 = Debug|Win32
		Release|Win32 = Release|Win32
	EndGlobalSection
	GlobalSection(ProjectConfigurationPlatforms) = postSolution
		{131918AA-1B7D-41C7-BEB8-342F1F8DBEE4}.Debug|Win32.ActiveCfg = Debug|Win32
		{131918AA-1B7D-41C7-BEB8-342F1F8DBEE4}.Debug|Win32.Build.0 = Debug|Win32
		{131918AA-1B7D-41C7-BEB8-342F1F8DBEE4}.Release|Win32.ActiveCfg = Release|Win32
		{131918AA-1B7D-41C7-BEB8-342F1F8DBEE4}.Release|Win32.Build.0 = Release|Win32
	EndGlobalSection
	GlobalSection(SolutionProperties) = preSolution
		HideSolutionNode = FALSE
	EndGlobalSection
EndGlobal
